
Microsoft Visual Studio Solution File, Format Version 12.00
# Visual Studio 15
VisualStudioVersion = 15.0.28307.168
MinimumVisualStudioVersion = 10.0.40219.1
Project("{FAE04EC0-301F-11D3-BF4B-00C04F79EFBC}") = "GeoforumTest", "GeoforumTest.csproj", "{DFC6DB65-3AA1-426B-B8F0-E0357F34A517}"
EndProject
Global
	GlobalSection(SolutionConfigurationPlatforms) = preSolution
		Debug|Any CPU = Debug|Any CPU
		Release|Any CPU = Release|Any CPU
	EndGlobalSection
	GlobalSection(ProjectConfigurationPlatforms) = postSolution
		{DFC6DB65-3AA1-426B-B8F0-E0357F34A517}.Debug|Any CPU.ActiveCfg = Debug|Any CPU
		{DFC6DB65-3AA1-426B-B8F0-E0357F34A517}.Debug|Any CPU.Build.0 = Debug|Any CPU
		{DFC6DB65-3AA1-426B-B8F0-E0357F34A517}.Release|Any CPU.ActiveCfg = Release|Any CPU
		{DFC6DB65-3AA1-426B-B8F0-E0357F34A517}.Release|Any CPU.Build.0 = Release|Any CPU
	EndGlobalSection
	GlobalSection(SolutionProperties) = preSolution
		HideSolutionNode = FALSE
	EndGlobalSection
	GlobalSection(ExtensibilityGlobals) = postSolution
		SolutionGuid = {99D9E386-2979-4723-9FFF-AEDCE09A83C1}
	EndGlobalSection
EndGlobal
